// !$*UTF8*$!
{
	archiveVersion = 1;
	classes = {
	};
	objectVersion = 56;
	objects = {

/* Begin PBXBuildFile section */
		9D372C7C2C7B4370008AA829 /* WebSocketService.swift in Sources */ = {isa = PBXBuildFile; fileRef = 9D372C7B2C7B4370008AA829 /* WebSocketService.swift */; };
		9D372C842C7B502A008AA829 /* WebSocketServiceTests.swift in Sources */ = {isa = PBXBuildFile; fileRef = 9D372C832C7B502A008AA829 /* WebSocketServiceTests.swift */; };
		9D372C8A2C7B5049008AA829 /* Data.framework in Frameworks */ = {isa = PBXBuildFile; fileRef = 9D6F11BA2C780E96007D22F3 /* Data.framework */; platformFilter = ios; };
		9D372C8B2C7B5049008AA829 /* Data.framework in Embed Frameworks */ = {isa = PBXBuildFile; fileRef = 9D6F11BA2C780E96007D22F3 /* Data.framework */; platformFilter = ios; settings = {ATTRIBUTES = (CodeSignOnCopy, RemoveHeadersOnCopy, ); }; };
		9D372C8E2C7B5049008AA829 /* Domain.framework in Frameworks */ = {isa = PBXBuildFile; fileRef = 9D6F11972C780E7D007D22F3 /* Domain.framework */; platformFilter = ios; };
		9D372C8F2C7B5049008AA829 /* Domain.framework in Embed Frameworks */ = {isa = PBXBuildFile; fileRef = 9D6F11972C780E7D007D22F3 /* Domain.framework */; platformFilter = ios; settings = {ATTRIBUTES = (CodeSignOnCopy, RemoveHeadersOnCopy, ); }; };
		9D372C922C7B5049008AA829 /* Presentation.framework in Frameworks */ = {isa = PBXBuildFile; fileRef = 9D6F11DC2C780EB0007D22F3 /* Presentation.framework */; platformFilter = ios; };
		9D372C932C7B5049008AA829 /* Presentation.framework in Embed Frameworks */ = {isa = PBXBuildFile; fileRef = 9D6F11DC2C780EB0007D22F3 /* Presentation.framework */; platformFilter = ios; settings = {ATTRIBUTES = (CodeSignOnCopy, RemoveHeadersOnCopy, ); }; };
		9D372C992C7B5B9F008AA829 /* RepositoryInterface.swift in Sources */ = {isa = PBXBuildFile; fileRef = 9D372C982C7B5B9F008AA829 /* RepositoryInterface.swift */; };
		9D372C9C2C7B5D44008AA829 /* OrderBookL2Action.swift in Sources */ = {isa = PBXBuildFile; fileRef = 9D372C9B2C7B5D44008AA829 /* OrderBookL2Action.swift */; };
		9D372C9E2C7B5DE2008AA829 /* OrderBookL2Data.swift in Sources */ = {isa = PBXBuildFile; fileRef = 9D372C9D2C7B5DE2008AA829 /* OrderBookL2Data.swift */; };
		9D372CA12C7B5E3F008AA829 /* OrderBookL2DTO.swift in Sources */ = {isa = PBXBuildFile; fileRef = 9D372CA02C7B5E3F008AA829 /* OrderBookL2DTO.swift */; };
		9D372CA42C7B6115008AA829 /* DefaultOrderBook2Repository.swift in Sources */ = {isa = PBXBuildFile; fileRef = 9D372CA32C7B6115008AA829 /* DefaultOrderBook2Repository.swift */; };
		9D372CA72C7B753C008AA829 /* CoinStreamUseCase.swift in Sources */ = {isa = PBXBuildFile; fileRef = 9D372CA62C7B753C008AA829 /* CoinStreamUseCase.swift */; };
		9D372CA92C7B7630008AA829 /* OrderBookTableVO.swift in Sources */ = {isa = PBXBuildFile; fileRef = 9D372CA82C7B7630008AA829 /* OrderBookTableVO.swift */; };
		9D6F117F2C780E00007D22F3 /* AppDelegate.swift in Sources */ = {isa = PBXBuildFile; fileRef = 9D6F117E2C780E00007D22F3 /* AppDelegate.swift */; };
		9D6F11812C780E00007D22F3 /* SceneDelegate.swift in Sources */ = {isa = PBXBuildFile; fileRef = 9D6F11802C780E00007D22F3 /* SceneDelegate.swift */; };
		9D6F11832C780E00007D22F3 /* ViewController.swift in Sources */ = {isa = PBXBuildFile; fileRef = 9D6F11822C780E00007D22F3 /* ViewController.swift */; };
		9D6F11862C780E00007D22F3 /* Base in Resources */ = {isa = PBXBuildFile; fileRef = 9D6F11852C780E00007D22F3 /* Base */; };
		9D6F11882C780E01007D22F3 /* Assets.xcassets in Resources */ = {isa = PBXBuildFile; fileRef = 9D6F11872C780E01007D22F3 /* Assets.xcassets */; };
		9D6F118B2C780E01007D22F3 /* Base in Resources */ = {isa = PBXBuildFile; fileRef = 9D6F118A2C780E01007D22F3 /* Base */; };
		9D6F11A92C780E7D007D22F3 /* Domain.h in Headers */ = {isa = PBXBuildFile; fileRef = 9D6F11992C780E7D007D22F3 /* Domain.h */; settings = {ATTRIBUTES = (Public, ); }; };
		9D6F11AC2C780E7D007D22F3 /* Domain.framework in Frameworks */ = {isa = PBXBuildFile; fileRef = 9D6F11972C780E7D007D22F3 /* Domain.framework */; };
		9D6F11AD2C780E7D007D22F3 /* Domain.framework in Embed Frameworks */ = {isa = PBXBuildFile; fileRef = 9D6F11972C780E7D007D22F3 /* Domain.framework */; settings = {ATTRIBUTES = (CodeSignOnCopy, RemoveHeadersOnCopy, ); }; };
		9D6F11CC2C780E96007D22F3 /* Data.h in Headers */ = {isa = PBXBuildFile; fileRef = 9D6F11BC2C780E96007D22F3 /* Data.h */; settings = {ATTRIBUTES = (Public, ); }; };
		9D6F11CF2C780E96007D22F3 /* Data.framework in Frameworks */ = {isa = PBXBuildFile; fileRef = 9D6F11BA2C780E96007D22F3 /* Data.framework */; };
		9D6F11D02C780E96007D22F3 /* Data.framework in Embed Frameworks */ = {isa = PBXBuildFile; fileRef = 9D6F11BA2C780E96007D22F3 /* Data.framework */; settings = {ATTRIBUTES = (CodeSignOnCopy, RemoveHeadersOnCopy, ); }; };
		9D6F11DF2C780EB0007D22F3 /* Presentation.h in Headers */ = {isa = PBXBuildFile; fileRef = 9D6F11DE2C780EB0007D22F3 /* Presentation.h */; settings = {ATTRIBUTES = (Public, ); }; };
		9D6F11E22C780EB0007D22F3 /* Presentation.framework in Frameworks */ = {isa = PBXBuildFile; fileRef = 9D6F11DC2C780EB0007D22F3 /* Presentation.framework */; };
		9D6F11E32C780EB0007D22F3 /* Presentation.framework in Embed Frameworks */ = {isa = PBXBuildFile; fileRef = 9D6F11DC2C780EB0007D22F3 /* Presentation.framework */; settings = {ATTRIBUTES = (CodeSignOnCopy, RemoveHeadersOnCopy, ); }; };
		9D6F11EA2C780F26007D22F3 /* Domain.framework in Frameworks */ = {isa = PBXBuildFile; fileRef = 9D6F11972C780E7D007D22F3 /* Domain.framework */; };
		9D6F11EF2C780F2F007D22F3 /* Domain.framework in Frameworks */ = {isa = PBXBuildFile; fileRef = 9D6F11972C780E7D007D22F3 /* Domain.framework */; };
		9D6F12152C7810B4007D22F3 /* Swinject in Frameworks */ = {isa = PBXBuildFile; productRef = 9D6F12142C7810B4007D22F3 /* Swinject */; };
		9D6F12292C781623007D22F3 /* RxCocoa-Dynamic in Frameworks */ = {isa = PBXBuildFile; productRef = 9D6F12282C781623007D22F3 /* RxCocoa-Dynamic */; };
		9D6F122A2C781623007D22F3 /* RxCocoa-Dynamic in Embed Frameworks */ = {isa = PBXBuildFile; productRef = 9D6F12282C781623007D22F3 /* RxCocoa-Dynamic */; settings = {ATTRIBUTES = (CodeSignOnCopy, ); }; };
		9D6F122C2C78162A007D22F3 /* RxCocoa-Dynamic in Frameworks */ = {isa = PBXBuildFile; productRef = 9D6F122B2C78162A007D22F3 /* RxCocoa-Dynamic */; };
/* End PBXBuildFile section */

/* Begin PBXContainerItemProxy section */
		9D372C852C7B502A008AA829 /* PBXContainerItemProxy */ = {
			isa = PBXContainerItemProxy;
			containerPortal = 9D6F11732C780E00007D22F3 /* Project object */;
			proxyType = 1;
			remoteGlobalIDString = 9D6F117A2C780E00007D22F3;
			remoteInfo = CoinTradeDisplay;
		};
		9D372C8C2C7B5049008AA829 /* PBXContainerItemProxy */ = {
			isa = PBXContainerItemProxy;
			containerPortal = 9D6F11732C780E00007D22F3 /* Project object */;
			proxyType = 1;
			remoteGlobalIDString = 9D6F11B92C780E96007D22F3;
			remoteInfo = Data;
		};
		9D372C902C7B5049008AA829 /* PBXContainerItemProxy */ = {
			isa = PBXContainerItemProxy;
			containerPortal = 9D6F11732C780E00007D22F3 /* Project object */;
			proxyType = 1;
			remoteGlobalIDString = 9D6F11962C780E7D007D22F3;
			remoteInfo = Domain;
		};
		9D372C942C7B5049008AA829 /* PBXContainerItemProxy */ = {
			isa = PBXContainerItemProxy;
			containerPortal = 9D6F11732C780E00007D22F3 /* Project object */;
			proxyType = 1;
			remoteGlobalIDString = 9D6F11DB2C780EB0007D22F3;
			remoteInfo = Presentation;
		};
		9D6F11AA2C780E7D007D22F3 /* PBXContainerItemProxy */ = {
			isa = PBXContainerItemProxy;
			containerPortal = 9D6F11732C780E00007D22F3 /* Project object */;
			proxyType = 1;
			remoteGlobalIDString = 9D6F11962C780E7D007D22F3;
			remoteInfo = Domain;
		};
		9D6F11CD2C780E96007D22F3 /* PBXContainerItemProxy */ = {
			isa = PBXContainerItemProxy;
			containerPortal = 9D6F11732C780E00007D22F3 /* Project object */;
			proxyType = 1;
			remoteGlobalIDString = 9D6F11B92C780E96007D22F3;
			remoteInfo = Data;
		};
		9D6F11E02C780EB0007D22F3 /* PBXContainerItemProxy */ = {
			isa = PBXContainerItemProxy;
			containerPortal = 9D6F11732C780E00007D22F3 /* Project object */;
			proxyType = 1;
			remoteGlobalIDString = 9D6F11DB2C780EB0007D22F3;
			remoteInfo = Presentation;
		};
		9D6F11EC2C780F27007D22F3 /* PBXContainerItemProxy */ = {
			isa = PBXContainerItemProxy;
			containerPortal = 9D6F11732C780E00007D22F3 /* Project object */;
			proxyType = 1;
			remoteGlobalIDString = 9D6F11962C780E7D007D22F3;
			remoteInfo = Domain;
		};
		9D6F11F12C780F2F007D22F3 /* PBXContainerItemProxy */ = {
			isa = PBXContainerItemProxy;
			containerPortal = 9D6F11732C780E00007D22F3 /* Project object */;
			proxyType = 1;
			remoteGlobalIDString = 9D6F11962C780E7D007D22F3;
			remoteInfo = Domain;
		};
/* End PBXContainerItemProxy section */

/* Begin PBXCopyFilesBuildPhase section */
		9D372C962C7B504A008AA829 /* Embed Frameworks */ = {
			isa = PBXCopyFilesBuildPhase;
			buildActionMask = 2147483647;
			dstPath = "";
			dstSubfolderSpec = 10;
			files = (
				9D372C8F2C7B5049008AA829 /* Domain.framework in Embed Frameworks */,
				9D372C8B2C7B5049008AA829 /* Data.framework in Embed Frameworks */,
				9D372C932C7B5049008AA829 /* Presentation.framework in Embed Frameworks */,
			);
			name = "Embed Frameworks";
			runOnlyForDeploymentPostprocessing = 0;
		};
		9D6F11B12C780E7D007D22F3 /* Embed Frameworks */ = {
			isa = PBXCopyFilesBuildPhase;
			buildActionMask = 2147483647;
			dstPath = "";
			dstSubfolderSpec = 10;
			files = (
				9D6F122A2C781623007D22F3 /* RxCocoa-Dynamic in Embed Frameworks */,
				9D6F11D02C780E96007D22F3 /* Data.framework in Embed Frameworks */,
				9D6F11AD2C780E7D007D22F3 /* Domain.framework in Embed Frameworks */,
				9D6F11E32C780EB0007D22F3 /* Presentation.framework in Embed Frameworks */,
			);
			name = "Embed Frameworks";
			runOnlyForDeploymentPostprocessing = 0;
		};
		9D6F120C2C78102A007D22F3 /* Embed Frameworks */ = {
			isa = PBXCopyFilesBuildPhase;
			buildActionMask = 2147483647;
			dstPath = "";
			dstSubfolderSpec = 10;
			files = (
			);
			name = "Embed Frameworks";
			runOnlyForDeploymentPostprocessing = 0;
		};
		9D6F12132C7810A6007D22F3 /* Embed Frameworks */ = {
			isa = PBXCopyFilesBuildPhase;
			buildActionMask = 2147483647;
			dstPath = "";
			dstSubfolderSpec = 10;
			files = (
			);
			name = "Embed Frameworks";
			runOnlyForDeploymentPostprocessing = 0;
		};
/* End PBXCopyFilesBuildPhase section */

/* Begin PBXFileReference section */
		9D372C7B2C7B4370008AA829 /* WebSocketService.swift */ = {isa = PBXFileReference; lastKnownFileType = sourcecode.swift; path = WebSocketService.swift; sourceTree = "<group>"; };
		9D372C812C7B502A008AA829 /* CoinTradeDisplayTests.xctest */ = {isa = PBXFileReference; explicitFileType = wrapper.cfbundle; includeInIndex = 0; path = CoinTradeDisplayTests.xctest; sourceTree = BUILT_PRODUCTS_DIR; };
		9D372C832C7B502A008AA829 /* WebSocketServiceTests.swift */ = {isa = PBXFileReference; lastKnownFileType = sourcecode.swift; path = WebSocketServiceTests.swift; sourceTree = "<group>"; };
		9D372C982C7B5B9F008AA829 /* RepositoryInterface.swift */ = {isa = PBXFileReference; lastKnownFileType = sourcecode.swift; path = RepositoryInterface.swift; sourceTree = "<group>"; };
		9D372C9B2C7B5D44008AA829 /* OrderBookL2Action.swift */ = {isa = PBXFileReference; lastKnownFileType = sourcecode.swift; path = OrderBookL2Action.swift; sourceTree = "<group>"; };
		9D372C9D2C7B5DE2008AA829 /* OrderBookL2Data.swift */ = {isa = PBXFileReference; lastKnownFileType = sourcecode.swift; path = OrderBookL2Data.swift; sourceTree = "<group>"; };
		9D372CA02C7B5E3F008AA829 /* OrderBookL2DTO.swift */ = {isa = PBXFileReference; lastKnownFileType = sourcecode.swift; path = OrderBookL2DTO.swift; sourceTree = "<group>"; };
		9D372CA32C7B6115008AA829 /* DefaultOrderBook2Repository.swift */ = {isa = PBXFileReference; lastKnownFileType = sourcecode.swift; path = DefaultOrderBook2Repository.swift; sourceTree = "<group>"; };
		9D372CA62C7B753C008AA829 /* CoinStreamUseCase.swift */ = {isa = PBXFileReference; lastKnownFileType = sourcecode.swift; path = CoinStreamUseCase.swift; sourceTree = "<group>"; };
		9D372CA82C7B7630008AA829 /* OrderBookTableVO.swift */ = {isa = PBXFileReference; lastKnownFileType = sourcecode.swift; path = OrderBookTableVO.swift; sourceTree = "<group>"; };
		9D6F117B2C780E00007D22F3 /* CoinTradeDisplay.app */ = {isa = PBXFileReference; explicitFileType = wrapper.application; includeInIndex = 0; path = CoinTradeDisplay.app; sourceTree = BUILT_PRODUCTS_DIR; };
		9D6F117E2C780E00007D22F3 /* AppDelegate.swift */ = {isa = PBXFileReference; lastKnownFileType = sourcecode.swift; path = AppDelegate.swift; sourceTree = "<group>"; };
		9D6F11802C780E00007D22F3 /* SceneDelegate.swift */ = {isa = PBXFileReference; lastKnownFileType = sourcecode.swift; path = SceneDelegate.swift; sourceTree = "<group>"; };
		9D6F11822C780E00007D22F3 /* ViewController.swift */ = {isa = PBXFileReference; lastKnownFileType = sourcecode.swift; path = ViewController.swift; sourceTree = "<group>"; };
		9D6F11852C780E00007D22F3 /* Base */ = {isa = PBXFileReference; lastKnownFileType = file.storyboard; name = Base; path = Base.lproj/Main.storyboard; sourceTree = "<group>"; };
		9D6F11872C780E01007D22F3 /* Assets.xcassets */ = {isa = PBXFileReference; lastKnownFileType = folder.assetcatalog; path = Assets.xcassets; sourceTree = "<group>"; };
		9D6F118A2C780E01007D22F3 /* Base */ = {isa = PBXFileReference; lastKnownFileType = file.storyboard; name = Base; path = Base.lproj/LaunchScreen.storyboard; sourceTree = "<group>"; };
		9D6F118C2C780E01007D22F3 /* Info.plist */ = {isa = PBXFileReference; lastKnownFileType = text.plist.xml; path = Info.plist; sourceTree = "<group>"; };
		9D6F11972C780E7D007D22F3 /* Domain.framework */ = {isa = PBXFileReference; explicitFileType = wrapper.framework; includeInIndex = 0; path = Domain.framework; sourceTree = BUILT_PRODUCTS_DIR; };
		9D6F11992C780E7D007D22F3 /* Domain.h */ = {isa = PBXFileReference; lastKnownFileType = sourcecode.c.h; path = Domain.h; sourceTree = "<group>"; };
		9D6F11BA2C780E96007D22F3 /* Data.framework */ = {isa = PBXFileReference; explicitFileType = wrapper.framework; includeInIndex = 0; path = Data.framework; sourceTree = BUILT_PRODUCTS_DIR; };
		9D6F11BC2C780E96007D22F3 /* Data.h */ = {isa = PBXFileReference; lastKnownFileType = sourcecode.c.h; path = Data.h; sourceTree = "<group>"; };
		9D6F11DC2C780EB0007D22F3 /* Presentation.framework */ = {isa = PBXFileReference; explicitFileType = wrapper.framework; includeInIndex = 0; path = Presentation.framework; sourceTree = BUILT_PRODUCTS_DIR; };
		9D6F11DE2C780EB0007D22F3 /* Presentation.h */ = {isa = PBXFileReference; lastKnownFileType = sourcecode.c.h; path = Presentation.h; sourceTree = "<group>"; };
/* End PBXFileReference section */

/* Begin PBXFrameworksBuildPhase section */
		9D372C7E2C7B502A008AA829 /* Frameworks */ = {
			isa = PBXFrameworksBuildPhase;
			buildActionMask = 2147483647;
			files = (
				9D372C8E2C7B5049008AA829 /* Domain.framework in Frameworks */,
				9D372C8A2C7B5049008AA829 /* Data.framework in Frameworks */,
				9D372C922C7B5049008AA829 /* Presentation.framework in Frameworks */,
			);
			runOnlyForDeploymentPostprocessing = 0;
		};
		9D6F11782C780E00007D22F3 /* Frameworks */ = {
			isa = PBXFrameworksBuildPhase;
			buildActionMask = 2147483647;
			files = (
				9D6F11CF2C780E96007D22F3 /* Data.framework in Frameworks */,
				9D6F11AC2C780E7D007D22F3 /* Domain.framework in Frameworks */,
				9D6F11E22C780EB0007D22F3 /* Presentation.framework in Frameworks */,
				9D6F12292C781623007D22F3 /* RxCocoa-Dynamic in Frameworks */,
				9D6F12152C7810B4007D22F3 /* Swinject in Frameworks */,
			);
			runOnlyForDeploymentPostprocessing = 0;
		};
		9D6F11942C780E7D007D22F3 /* Frameworks */ = {
			isa = PBXFrameworksBuildPhase;
			buildActionMask = 2147483647;
			files = (
				9D6F122C2C78162A007D22F3 /* RxCocoa-Dynamic in Frameworks */,
			);
			runOnlyForDeploymentPostprocessing = 0;
		};
		9D6F11B72C780E96007D22F3 /* Frameworks */ = {
			isa = PBXFrameworksBuildPhase;
			buildActionMask = 2147483647;
			files = (
				9D6F11EA2C780F26007D22F3 /* Domain.framework in Frameworks */,
			);
			runOnlyForDeploymentPostprocessing = 0;
		};
		9D6F11D92C780EB0007D22F3 /* Frameworks */ = {
			isa = PBXFrameworksBuildPhase;
			buildActionMask = 2147483647;
			files = (
				9D6F11EF2C780F2F007D22F3 /* Domain.framework in Frameworks */,
			);
			runOnlyForDeploymentPostprocessing = 0;
		};
/* End PBXFrameworksBuildPhase section */

/* Begin PBXGroup section */
		9D372C7A2C7B4354008AA829 /* DataSource */ = {
			isa = PBXGroup;
			children = (
				9D372C7B2C7B4370008AA829 /* WebSocketService.swift */,
			);
			path = DataSource;
			sourceTree = "<group>";
		};
		9D372C822C7B502A008AA829 /* CoinTradeDisplayTests */ = {
			isa = PBXGroup;
			children = (
				9D372C832C7B502A008AA829 /* WebSocketServiceTests.swift */,
			);
			path = CoinTradeDisplayTests;
			sourceTree = "<group>";
		};
		9D372C972C7B5B87008AA829 /* RepositoryInterface */ = {
			isa = PBXGroup;
			children = (
				9D372C982C7B5B9F008AA829 /* RepositoryInterface.swift */,
			);
			path = RepositoryInterface;
			sourceTree = "<group>";
		};
		9D372C9A2C7B5D2D008AA829 /* Entity */ = {
			isa = PBXGroup;
			children = (
				9D372C9B2C7B5D44008AA829 /* OrderBookL2Action.swift */,
				9D372C9D2C7B5DE2008AA829 /* OrderBookL2Data.swift */,
				9D372CA82C7B7630008AA829 /* OrderBookTableVO.swift */,
			);
			path = Entity;
			sourceTree = "<group>";
		};
		9D372C9F2C7B5E32008AA829 /* DTO */ = {
			isa = PBXGroup;
			children = (
				9D372CA02C7B5E3F008AA829 /* OrderBookL2DTO.swift */,
			);
			path = DTO;
			sourceTree = "<group>";
		};
		9D372CA22C7B6101008AA829 /* ConcreteRepository */ = {
			isa = PBXGroup;
			children = (
				9D372CA32C7B6115008AA829 /* DefaultOrderBook2Repository.swift */,
			);
			path = ConcreteRepository;
			sourceTree = "<group>";
		};
		9D372CA52C7B7523008AA829 /* UseCase */ = {
			isa = PBXGroup;
			children = (
				9D372CA62C7B753C008AA829 /* CoinStreamUseCase.swift */,
			);
			path = UseCase;
			sourceTree = "<group>";
		};
		9D6F11722C780E00007D22F3 = {
			isa = PBXGroup;
			children = (
				9D6F117D2C780E00007D22F3 /* CoinTradeDisplay */,
				9D6F11982C780E7D007D22F3 /* Domain */,
				9D6F11BB2C780E96007D22F3 /* Data */,
				9D6F11DD2C780EB0007D22F3 /* Presentation */,
				9D372C822C7B502A008AA829 /* CoinTradeDisplayTests */,
				9D6F117C2C780E00007D22F3 /* Products */,
				9D6F11E92C780F26007D22F3 /* Frameworks */,
			);
			sourceTree = "<group>";
		};
		9D6F117C2C780E00007D22F3 /* Products */ = {
			isa = PBXGroup;
			children = (
				9D6F117B2C780E00007D22F3 /* CoinTradeDisplay.app */,
				9D6F11972C780E7D007D22F3 /* Domain.framework */,
				9D6F11BA2C780E96007D22F3 /* Data.framework */,
				9D6F11DC2C780EB0007D22F3 /* Presentation.framework */,
				9D372C812C7B502A008AA829 /* CoinTradeDisplayTests.xctest */,
			);
			name = Products;
			sourceTree = "<group>";
		};
		9D6F117D2C780E00007D22F3 /* CoinTradeDisplay */ = {
			isa = PBXGroup;
			children = (
				9D6F117E2C780E00007D22F3 /* AppDelegate.swift */,
				9D6F11802C780E00007D22F3 /* SceneDelegate.swift */,
				9D6F11822C780E00007D22F3 /* ViewController.swift */,
				9D6F11842C780E00007D22F3 /* Main.storyboard */,
				9D6F11872C780E01007D22F3 /* Assets.xcassets */,
				9D6F11892C780E01007D22F3 /* LaunchScreen.storyboard */,
				9D6F118C2C780E01007D22F3 /* Info.plist */,
			);
			path = CoinTradeDisplay;
			sourceTree = "<group>";
		};
		9D6F11982C780E7D007D22F3 /* Domain */ = {
			isa = PBXGroup;
			children = (
				9D372CA52C7B7523008AA829 /* UseCase */,
				9D372C9A2C7B5D2D008AA829 /* Entity */,
				9D372C972C7B5B87008AA829 /* RepositoryInterface */,
				9D6F11992C780E7D007D22F3 /* Domain.h */,
			);
			path = Domain;
			sourceTree = "<group>";
		};
		9D6F11BB2C780E96007D22F3 /* Data */ = {
			isa = PBXGroup;
			children = (
				9D372CA22C7B6101008AA829 /* ConcreteRepository */,
				9D372C9F2C7B5E32008AA829 /* DTO */,
				9D372C7A2C7B4354008AA829 /* DataSource */,
				9D6F11BC2C780E96007D22F3 /* Data.h */,
			);
			path = Data;
			sourceTree = "<group>";
		};
		9D6F11DD2C780EB0007D22F3 /* Presentation */ = {
			isa = PBXGroup;
			children = (
				9D6F11DE2C780EB0007D22F3 /* Presentation.h */,
			);
			path = Presentation;
			sourceTree = "<group>";
		};
		9D6F11E92C780F26007D22F3 /* Frameworks */ = {
			isa = PBXGroup;
			children = (
			);
			name = Frameworks;
			sourceTree = "<group>";
		};
/* End PBXGroup section */

/* Begin PBXHeadersBuildPhase section */
		9D6F11922C780E7D007D22F3 /* Headers */ = {
			isa = PBXHeadersBuildPhase;
			buildActionMask = 2147483647;
			files = (
				9D6F11A92C780E7D007D22F3 /* Domain.h in Headers */,
			);
			runOnlyForDeploymentPostprocessing = 0;
		};
		9D6F11B52C780E96007D22F3 /* Headers */ = {
			isa = PBXHeadersBuildPhase;
			buildActionMask = 2147483647;
			files = (
				9D6F11CC2C780E96007D22F3 /* Data.h in Headers */,
			);
			runOnlyForDeploymentPostprocessing = 0;
		};
		9D6F11D72C780EB0007D22F3 /* Headers */ = {
			isa = PBXHeadersBuildPhase;
			buildActionMask = 2147483647;
			files = (
				9D6F11DF2C780EB0007D22F3 /* Presentation.h in Headers */,
			);
			runOnlyForDeploymentPostprocessing = 0;
		};
/* End PBXHeadersBuildPhase section */

/* Begin PBXNativeTarget section */
		9D372C802C7B502A008AA829 /* CoinTradeDisplayTests */ = {
			isa = PBXNativeTarget;
			buildConfigurationList = 9D372C872C7B502A008AA829 /* Build configuration list for PBXNativeTarget "CoinTradeDisplayTests" */;
			buildPhases = (
				9D372C7D2C7B502A008AA829 /* Sources */,
				9D372C7E2C7B502A008AA829 /* Frameworks */,
				9D372C7F2C7B502A008AA829 /* Resources */,
				9D372C962C7B504A008AA829 /* Embed Frameworks */,
			);
			buildRules = (
			);
			dependencies = (
				9D372C862C7B502A008AA829 /* PBXTargetDependency */,
				9D372C8D2C7B5049008AA829 /* PBXTargetDependency */,
				9D372C912C7B5049008AA829 /* PBXTargetDependency */,
				9D372C952C7B5049008AA829 /* PBXTargetDependency */,
			);
			name = CoinTradeDisplayTests;
			productName = CoinTradeDisplayTests;
			productReference = 9D372C812C7B502A008AA829 /* CoinTradeDisplayTests.xctest */;
			productType = "com.apple.product-type.bundle.unit-test";
		};
		9D6F117A2C780E00007D22F3 /* CoinTradeDisplay */ = {
			isa = PBXNativeTarget;
			buildConfigurationList = 9D6F118F2C780E01007D22F3 /* Build configuration list for PBXNativeTarget "CoinTradeDisplay" */;
			buildPhases = (
				9D6F11772C780E00007D22F3 /* Sources */,
				9D6F11782C780E00007D22F3 /* Frameworks */,
				9D6F11792C780E00007D22F3 /* Resources */,
				9D6F11B12C780E7D007D22F3 /* Embed Frameworks */,
			);
			buildRules = (
			);
			dependencies = (
				9D6F11AB2C780E7D007D22F3 /* PBXTargetDependency */,
				9D6F11CE2C780E96007D22F3 /* PBXTargetDependency */,
				9D6F11E12C780EB0007D22F3 /* PBXTargetDependency */,
			);
			name = CoinTradeDisplay;
			packageProductDependencies = (
				9D6F12142C7810B4007D22F3 /* Swinject */,
				9D6F12282C781623007D22F3 /* RxCocoa-Dynamic */,
			);
			productName = CoinTradeDisplay;
			productReference = 9D6F117B2C780E00007D22F3 /* CoinTradeDisplay.app */;
			productType = "com.apple.product-type.application";
		};
		9D6F11962C780E7D007D22F3 /* Domain */ = {
			isa = PBXNativeTarget;
			buildConfigurationList = 9D6F11AE2C780E7D007D22F3 /* Build configuration list for PBXNativeTarget "Domain" */;
			buildPhases = (
				9D6F11922C780E7D007D22F3 /* Headers */,
				9D6F11932C780E7D007D22F3 /* Sources */,
				9D6F11942C780E7D007D22F3 /* Frameworks */,
				9D6F11952C780E7D007D22F3 /* Resources */,
				9D6F120C2C78102A007D22F3 /* Embed Frameworks */,
			);
			buildRules = (
			);
			dependencies = (
			);
			name = Domain;
			packageProductDependencies = (
				9D6F122B2C78162A007D22F3 /* RxCocoa-Dynamic */,
			);
			productName = Domain;
			productReference = 9D6F11972C780E7D007D22F3 /* Domain.framework */;
			productType = "com.apple.product-type.framework";
		};
		9D6F11B92C780E96007D22F3 /* Data */ = {
			isa = PBXNativeTarget;
			buildConfigurationList = 9D6F11D12C780E96007D22F3 /* Build configuration list for PBXNativeTarget "Data" */;
			buildPhases = (
				9D6F11B52C780E96007D22F3 /* Headers */,
				9D6F11B62C780E96007D22F3 /* Sources */,
				9D6F11B72C780E96007D22F3 /* Frameworks */,
				9D6F11B82C780E96007D22F3 /* Resources */,
			);
			buildRules = (
			);
			dependencies = (
				9D6F11ED2C780F27007D22F3 /* PBXTargetDependency */,
			);
			name = Data;
			packageProductDependencies = (
			);
			productName = Data;
			productReference = 9D6F11BA2C780E96007D22F3 /* Data.framework */;
			productType = "com.apple.product-type.framework";
		};
		9D6F11DB2C780EB0007D22F3 /* Presentation */ = {
			isa = PBXNativeTarget;
			buildConfigurationList = 9D6F11E42C780EB0007D22F3 /* Build configuration list for PBXNativeTarget "Presentation" */;
			buildPhases = (
				9D6F11D72C780EB0007D22F3 /* Headers */,
				9D6F11D82C780EB0007D22F3 /* Sources */,
				9D6F11D92C780EB0007D22F3 /* Frameworks */,
				9D6F11DA2C780EB0007D22F3 /* Resources */,
				9D6F12132C7810A6007D22F3 /* Embed Frameworks */,
			);
			buildRules = (
			);
			dependencies = (
				9D6F11F22C780F2F007D22F3 /* PBXTargetDependency */,
			);
			name = Presentation;
			packageProductDependencies = (
			);
			productName = Presentation;
			productReference = 9D6F11DC2C780EB0007D22F3 /* Presentation.framework */;
			productType = "com.apple.product-type.framework";
		};
/* End PBXNativeTarget section */

/* Begin PBXProject section */
		9D6F11732C780E00007D22F3 /* Project object */ = {
			isa = PBXProject;
			attributes = {
				BuildIndependentTargetsInParallel = 1;
				LastSwiftUpdateCheck = 1540;
				LastUpgradeCheck = 1540;
				TargetAttributes = {
					9D372C802C7B502A008AA829 = {
						CreatedOnToolsVersion = 15.4;
						TestTargetID = 9D6F117A2C780E00007D22F3;
					};
					9D6F117A2C780E00007D22F3 = {
						CreatedOnToolsVersion = 15.4;
					};
					9D6F11962C780E7D007D22F3 = {
						CreatedOnToolsVersion = 15.4;
						LastSwiftMigration = 1540;
					};
					9D6F11B92C780E96007D22F3 = {
						CreatedOnToolsVersion = 15.4;
						LastSwiftMigration = 1540;
					};
					9D6F11DB2C780EB0007D22F3 = {
						CreatedOnToolsVersion = 15.4;
					};
				};
			};
			buildConfigurationList = 9D6F11762C780E00007D22F3 /* Build configuration list for PBXProject "CoinTradeDisplay" */;
			compatibilityVersion = "Xcode 14.0";
			developmentRegion = en;
			hasScannedForEncodings = 0;
			knownRegions = (
				en,
				Base,
			);
			mainGroup = 9D6F11722C780E00007D22F3;
			packageReferences = (
				9D6F11E72C780EE8007D22F3 /* XCRemoteSwiftPackageReference "RxSwift" */,
				9D6F11E82C780F1A007D22F3 /* XCRemoteSwiftPackageReference "Swinject" */,
			);
			productRefGroup = 9D6F117C2C780E00007D22F3 /* Products */;
			projectDirPath = "";
			projectRoot = "";
			targets = (
				9D6F117A2C780E00007D22F3 /* CoinTradeDisplay */,
				9D6F11962C780E7D007D22F3 /* Domain */,
				9D6F11B92C780E96007D22F3 /* Data */,
				9D6F11DB2C780EB0007D22F3 /* Presentation */,
				9D372C802C7B502A008AA829 /* CoinTradeDisplayTests */,
			);
		};
/* End PBXProject section */

/* Begin PBXResourcesBuildPhase section */
		9D372C7F2C7B502A008AA829 /* Resources */ = {
			isa = PBXResourcesBuildPhase;
			buildActionMask = 2147483647;
			files = (
			);
			runOnlyForDeploymentPostprocessing = 0;
		};
		9D6F11792C780E00007D22F3 /* Resources */ = {
			isa = PBXResourcesBuildPhase;
			buildActionMask = 2147483647;
			files = (
				9D6F11882C780E01007D22F3 /* Assets.xcassets in Resources */,
				9D6F118B2C780E01007D22F3 /* Base in Resources */,
				9D6F11862C780E00007D22F3 /* Base in Resources */,
			);
			runOnlyForDeploymentPostprocessing = 0;
		};
		9D6F11952C780E7D007D22F3 /* Resources */ = {
			isa = PBXResourcesBuildPhase;
			buildActionMask = 2147483647;
			files = (
			);
			runOnlyForDeploymentPostprocessing = 0;
		};
		9D6F11B82C780E96007D22F3 /* Resources */ = {
			isa = PBXResourcesBuildPhase;
			buildActionMask = 2147483647;
			files = (
			);
			runOnlyForDeploymentPostprocessing = 0;
		};
		9D6F11DA2C780EB0007D22F3 /* Resources */ = {
			isa = PBXResourcesBuildPhase;
			buildActionMask = 2147483647;
			files = (
			);
			runOnlyForDeploymentPostprocessing = 0;
		};
/* End PBXResourcesBuildPhase section */

/* Begin PBXSourcesBuildPhase section */
		9D372C7D2C7B502A008AA829 /* Sources */ = {
			isa = PBXSourcesBuildPhase;
			buildActionMask = 2147483647;
			files = (
				9D372C842C7B502A008AA829 /* WebSocketServiceTests.swift in Sources */,
			);
			runOnlyForDeploymentPostprocessing = 0;
		};
		9D6F11772C780E00007D22F3 /* Sources */ = {
			isa = PBXSourcesBuildPhase;
			buildActionMask = 2147483647;
			files = (
				9D6F11832C780E00007D22F3 /* ViewController.swift in Sources */,
				9D6F117F2C780E00007D22F3 /* AppDelegate.swift in Sources */,
				9D6F11812C780E00007D22F3 /* SceneDelegate.swift in Sources */,
			);
			runOnlyForDeploymentPostprocessing = 0;
		};
		9D6F11932C780E7D007D22F3 /* Sources */ = {
			isa = PBXSourcesBuildPhase;
			buildActionMask = 2147483647;
			files = (
				9D372CA72C7B753C008AA829 /* CoinStreamUseCase.swift in Sources */,
				9D372CA92C7B7630008AA829 /* OrderBookTableVO.swift in Sources */,
				9D372C9C2C7B5D44008AA829 /* OrderBookL2Action.swift in Sources */,
				9D372C9E2C7B5DE2008AA829 /* OrderBookL2Data.swift in Sources */,
				9D372C992C7B5B9F008AA829 /* RepositoryInterface.swift in Sources */,
			);
			runOnlyForDeploymentPostprocessing = 0;
		};
		9D6F11B62C780E96007D22F3 /* Sources */ = {
			isa = PBXSourcesBuildPhase;
			buildActionMask = 2147483647;
			files = (
				9D372C7C2C7B4370008AA829 /* WebSocketService.swift in Sources */,
				9D372CA42C7B6115008AA829 /* DefaultOrderBook2Repository.swift in Sources */,
				9D372CA12C7B5E3F008AA829 /* OrderBookL2DTO.swift in Sources */,
			);
			runOnlyForDeploymentPostprocessing = 0;
		};
		9D6F11D82C780EB0007D22F3 /* Sources */ = {
			isa = PBXSourcesBuildPhase;
			buildActionMask = 2147483647;
			files = (
			);
			runOnlyForDeploymentPostprocessing = 0;
		};
/* End PBXSourcesBuildPhase section */

/* Begin PBXTargetDependency section */
		9D372C862C7B502A008AA829 /* PBXTargetDependency */ = {
			isa = PBXTargetDependency;
			target = 9D6F117A2C780E00007D22F3 /* CoinTradeDisplay */;
			targetProxy = 9D372C852C7B502A008AA829 /* PBXContainerItemProxy */;
		};
		9D372C8D2C7B5049008AA829 /* PBXTargetDependency */ = {
			isa = PBXTargetDependency;
			platformFilter = ios;
			target = 9D6F11B92C780E96007D22F3 /* Data */;
			targetProxy = 9D372C8C2C7B5049008AA829 /* PBXContainerItemProxy */;
		};
		9D372C912C7B5049008AA829 /* PBXTargetDependency */ = {
			isa = PBXTargetDependency;
			platformFilter = ios;
			target = 9D6F11962C780E7D007D22F3 /* Domain */;
			targetProxy = 9D372C902C7B5049008AA829 /* PBXContainerItemProxy */;
		};
		9D372C952C7B5049008AA829 /* PBXTargetDependency */ = {
			isa = PBXTargetDependency;
			platformFilter = ios;
			target = 9D6F11DB2C780EB0007D22F3 /* Presentation */;
			targetProxy = 9D372C942C7B5049008AA829 /* PBXContainerItemProxy */;
		};
		9D6F11AB2C780E7D007D22F3 /* PBXTargetDependency */ = {
			isa = PBXTargetDependency;
			target = 9D6F11962C780E7D007D22F3 /* Domain */;
			targetProxy = 9D6F11AA2C780E7D007D22F3 /* PBXContainerItemProxy */;
		};
		9D6F11CE2C780E96007D22F3 /* PBXTargetDependency */ = {
			isa = PBXTargetDependency;
			target = 9D6F11B92C780E96007D22F3 /* Data */;
			targetProxy = 9D6F11CD2C780E96007D22F3 /* PBXContainerItemProxy */;
		};
		9D6F11E12C780EB0007D22F3 /* PBXTargetDependency */ = {
			isa = PBXTargetDependency;
			target = 9D6F11DB2C780EB0007D22F3 /* Presentation */;
			targetProxy = 9D6F11E02C780EB0007D22F3 /* PBXContainerItemProxy */;
		};
		9D6F11ED2C780F27007D22F3 /* PBXTargetDependency */ = {
			isa = PBXTargetDependency;
			target = 9D6F11962C780E7D007D22F3 /* Domain */;
			targetProxy = 9D6F11EC2C780F27007D22F3 /* PBXContainerItemProxy */;
		};
		9D6F11F22C780F2F007D22F3 /* PBXTargetDependency */ = {
			isa = PBXTargetDependency;
			target = 9D6F11962C780E7D007D22F3 /* Domain */;
			targetProxy = 9D6F11F12C780F2F007D22F3 /* PBXContainerItemProxy */;
		};
/* End PBXTargetDependency section */

/* Begin PBXVariantGroup section */
		9D6F11842C780E00007D22F3 /* Main.storyboard */ = {
			isa = PBXVariantGroup;
			children = (
				9D6F11852C780E00007D22F3 /* Base */,
			);
			name = Main.storyboard;
			sourceTree = "<group>";
		};
		9D6F11892C780E01007D22F3 /* LaunchScreen.storyboard */ = {
			isa = PBXVariantGroup;
			children = (
				9D6F118A2C780E01007D22F3 /* Base */,
			);
			name = LaunchScreen.storyboard;
			sourceTree = "<group>";
		};
/* End PBXVariantGroup section */

/* Begin XCBuildConfiguration section */
		9D372C882C7B502A008AA829 /* Debug */ = {
			isa = XCBuildConfiguration;
			buildSettings = {
				ALWAYS_EMBED_SWIFT_STANDARD_LIBRARIES = YES;
				BUNDLE_LOADER = "$(TEST_HOST)";
				CODE_SIGN_STYLE = Automatic;
				CURRENT_PROJECT_VERSION = 1;
				DEVELOPMENT_TEAM = XHRN62S9RK;
				GENERATE_INFOPLIST_FILE = YES;
				MARKETING_VERSION = 1.0;
				PRODUCT_BUNDLE_IDENTIFIER = junios.CoinTradeDisplayTests;
				PRODUCT_NAME = "$(TARGET_NAME)";
				SWIFT_EMIT_LOC_STRINGS = NO;
				SWIFT_VERSION = 5.0;
				TARGETED_DEVICE_FAMILY = "1,2";
				TEST_HOST = "$(BUILT_PRODUCTS_DIR)/CoinTradeDisplay.app/$(BUNDLE_EXECUTABLE_FOLDER_PATH)/CoinTradeDisplay";
			};
			name = Debug;
		};
		9D372C892C7B502A008AA829 /* Release */ = {
			isa = XCBuildConfiguration;
			buildSettings = {
				ALWAYS_EMBED_SWIFT_STANDARD_LIBRARIES = YES;
				BUNDLE_LOADER = "$(TEST_HOST)";
				CODE_SIGN_STYLE = Automatic;
				CURRENT_PROJECT_VERSION = 1;
				DEVELOPMENT_TEAM = XHRN62S9RK;
				GENERATE_INFOPLIST_FILE = YES;
				MARKETING_VERSION = 1.0;
				PRODUCT_BUNDLE_IDENTIFIER = junios.CoinTradeDisplayTests;
				PRODUCT_NAME = "$(TARGET_NAME)";
				SWIFT_EMIT_LOC_STRINGS = NO;
				SWIFT_VERSION = 5.0;
				TARGETED_DEVICE_FAMILY = "1,2";
				TEST_HOST = "$(BUILT_PRODUCTS_DIR)/CoinTradeDisplay.app/$(BUNDLE_EXECUTABLE_FOLDER_PATH)/CoinTradeDisplay";
			};
			name = Release;
		};
		9D6F118D2C780E01007D22F3 /* Debug */ = {
			isa = XCBuildConfiguration;
			buildSettings = {
				ALWAYS_SEARCH_USER_PATHS = NO;
				ASSETCATALOG_COMPILER_GENERATE_SWIFT_ASSET_SYMBOL_EXTENSIONS = YES;
				CLANG_ANALYZER_NONNULL = YES;
				CLANG_ANALYZER_NUMBER_OBJECT_CONVERSION = YES_AGGRESSIVE;
				CLANG_CXX_LANGUAGE_STANDARD = "gnu++20";
				CLANG_ENABLE_MODULES = YES;
				CLANG_ENABLE_OBJC_ARC = YES;
				CLANG_ENABLE_OBJC_WEAK = YES;
				CLANG_WARN_BLOCK_CAPTURE_AUTORELEASING = YES;
				CLANG_WARN_BOOL_CONVERSION = YES;
				CLANG_WARN_COMMA = YES;
				CLANG_WARN_CONSTANT_CONVERSION = YES;
				CLANG_WARN_DEPRECATED_OBJC_IMPLEMENTATIONS = YES;
				CLANG_WARN_DIRECT_OBJC_ISA_USAGE = YES_ERROR;
				CLANG_WARN_DOCUMENTATION_COMMENTS = YES;
				CLANG_WARN_EMPTY_BODY = YES;
				CLANG_WARN_ENUM_CONVERSION = YES;
				CLANG_WARN_INFINITE_RECURSION = YES;
				CLANG_WARN_INT_CONVERSION = YES;
				CLANG_WARN_NON_LITERAL_NULL_CONVERSION = YES;
				CLANG_WARN_OBJC_IMPLICIT_RETAIN_SELF = YES;
				CLANG_WARN_OBJC_LITERAL_CONVERSION = YES;
				CLANG_WARN_OBJC_ROOT_CLASS = YES_ERROR;
				CLANG_WARN_QUOTED_INCLUDE_IN_FRAMEWORK_HEADER = YES;
				CLANG_WARN_RANGE_LOOP_ANALYSIS = YES;
				CLANG_WARN_STRICT_PROTOTYPES = YES;
				CLANG_WARN_SUSPICIOUS_MOVE = YES;
				CLANG_WARN_UNGUARDED_AVAILABILITY = YES_AGGRESSIVE;
				CLANG_WARN_UNREACHABLE_CODE = YES;
				CLANG_WARN__DUPLICATE_METHOD_MATCH = YES;
				COPY_PHASE_STRIP = NO;
				DEBUG_INFORMATION_FORMAT = dwarf;
				ENABLE_STRICT_OBJC_MSGSEND = YES;
				ENABLE_TESTABILITY = YES;
				ENABLE_USER_SCRIPT_SANDBOXING = YES;
				GCC_C_LANGUAGE_STANDARD = gnu17;
				GCC_DYNAMIC_NO_PIC = NO;
				GCC_NO_COMMON_BLOCKS = YES;
				GCC_OPTIMIZATION_LEVEL = 0;
				GCC_PREPROCESSOR_DEFINITIONS = (
					"DEBUG=1",
					"$(inherited)",
				);
				GCC_WARN_64_TO_32_BIT_CONVERSION = YES;
				GCC_WARN_ABOUT_RETURN_TYPE = YES_ERROR;
				GCC_WARN_UNDECLARED_SELECTOR = YES;
				GCC_WARN_UNINITIALIZED_AUTOS = YES_AGGRESSIVE;
				GCC_WARN_UNUSED_FUNCTION = YES;
				GCC_WARN_UNUSED_VARIABLE = YES;
				IPHONEOS_DEPLOYMENT_TARGET = 17.5;
				LOCALIZATION_PREFERS_STRING_CATALOGS = YES;
				MTL_ENABLE_DEBUG_INFO = INCLUDE_SOURCE;
				MTL_FAST_MATH = YES;
				ONLY_ACTIVE_ARCH = YES;
				SDKROOT = iphoneos;
				SWIFT_ACTIVE_COMPILATION_CONDITIONS = "DEBUG $(inherited)";
				SWIFT_OPTIMIZATION_LEVEL = "-Onone";
			};
			name = Debug;
		};
		9D6F118E2C780E01007D22F3 /* Release */ = {
			isa = XCBuildConfiguration;
			buildSettings = {
				ALWAYS_SEARCH_USER_PATHS = NO;
				ASSETCATALOG_COMPILER_GENERATE_SWIFT_ASSET_SYMBOL_EXTENSIONS = YES;
				CLANG_ANALYZER_NONNULL = YES;
				CLANG_ANALYZER_NUMBER_OBJECT_CONVERSION = YES_AGGRESSIVE;
				CLANG_CXX_LANGUAGE_STANDARD = "gnu++20";
				CLANG_ENABLE_MODULES = YES;
				CLANG_ENABLE_OBJC_ARC = YES;
				CLANG_ENABLE_OBJC_WEAK = YES;
				CLANG_WARN_BLOCK_CAPTURE_AUTORELEASING = YES;
				CLANG_WARN_BOOL_CONVERSION = YES;
				CLANG_WARN_COMMA = YES;
				CLANG_WARN_CONSTANT_CONVERSION = YES;
				CLANG_WARN_DEPRECATED_OBJC_IMPLEMENTATIONS = YES;
				CLANG_WARN_DIRECT_OBJC_ISA_USAGE = YES_ERROR;
				CLANG_WARN_DOCUMENTATION_COMMENTS = YES;
				CLANG_WARN_EMPTY_BODY = YES;
				CLANG_WARN_ENUM_CONVERSION = YES;
				CLANG_WARN_INFINITE_RECURSION = YES;
				CLANG_WARN_INT_CONVERSION = YES;
				CLANG_WARN_NON_LITERAL_NULL_CONVERSION = YES;
				CLANG_WARN_OBJC_IMPLICIT_RETAIN_SELF = YES;
				CLANG_WARN_OBJC_LITERAL_CONVERSION = YES;
				CLANG_WARN_OBJC_ROOT_CLASS = YES_ERROR;
				CLANG_WARN_QUOTED_INCLUDE_IN_FRAMEWORK_HEADER = YES;
				CLANG_WARN_RANGE_LOOP_ANALYSIS = YES;
				CLANG_WARN_STRICT_PROTOTYPES = YES;
				CLANG_WARN_SUSPICIOUS_MOVE = YES;
				CLANG_WARN_UNGUARDED_AVAILABILITY = YES_AGGRESSIVE;
				CLANG_WARN_UNREACHABLE_CODE = YES;
				CLANG_WARN__DUPLICATE_METHOD_MATCH = YES;
				COPY_PHASE_STRIP = NO;
				DEBUG_INFORMATION_FORMAT = "dwarf-with-dsym";
				ENABLE_NS_ASSERTIONS = NO;
				ENABLE_STRICT_OBJC_MSGSEND = YES;
				ENABLE_USER_SCRIPT_SANDBOXING = YES;
				GCC_C_LANGUAGE_STANDARD = gnu17;
				GCC_NO_COMMON_BLOCKS = YES;
				GCC_WARN_64_TO_32_BIT_CONVERSION = YES;
				GCC_WARN_ABOUT_RETURN_TYPE = YES_ERROR;
				GCC_WARN_UNDECLARED_SELECTOR = YES;
				GCC_WARN_UNINITIALIZED_AUTOS = YES_AGGRESSIVE;
				GCC_WARN_UNUSED_FUNCTION = YES;
				GCC_WARN_UNUSED_VARIABLE = YES;
				IPHONEOS_DEPLOYMENT_TARGET = 17.5;
				LOCALIZATION_PREFERS_STRING_CATALOGS = YES;
				MTL_ENABLE_DEBUG_INFO = NO;
				MTL_FAST_MATH = YES;
				SDKROOT = iphoneos;
				SWIFT_COMPILATION_MODE = wholemodule;
				VALIDATE_PRODUCT = YES;
			};
			name = Release;
		};
		9D6F11902C780E01007D22F3 /* Debug */ = {
			isa = XCBuildConfiguration;
			buildSettings = {
				ALWAYS_EMBED_SWIFT_STANDARD_LIBRARIES = YES;
				ASSETCATALOG_COMPILER_APPICON_NAME = AppIcon;
				ASSETCATALOG_COMPILER_GLOBAL_ACCENT_COLOR_NAME = AccentColor;
				CODE_SIGN_STYLE = Automatic;
				CURRENT_PROJECT_VERSION = 1;
				DEVELOPMENT_TEAM = XHRN62S9RK;
				GENERATE_INFOPLIST_FILE = YES;
				INFOPLIST_FILE = CoinTradeDisplay/Info.plist;
				INFOPLIST_KEY_UIApplicationSupportsIndirectInputEvents = YES;
				INFOPLIST_KEY_UILaunchStoryboardName = LaunchScreen;
				INFOPLIST_KEY_UIMainStoryboardFile = Main;
				INFOPLIST_KEY_UISupportedInterfaceOrientations_iPad = "UIInterfaceOrientationPortrait UIInterfaceOrientationPortraitUpsideDown UIInterfaceOrientationLandscapeLeft UIInterfaceOrientationLandscapeRight";
				INFOPLIST_KEY_UISupportedInterfaceOrientations_iPhone = "UIInterfaceOrientationPortrait UIInterfaceOrientationLandscapeLeft UIInterfaceOrientationLandscapeRight";
				LD_RUNPATH_SEARCH_PATHS = (
					"$(inherited)",
					"@executable_path/Frameworks",
				);
				MARKETING_VERSION = 1.0;
				PRODUCT_BUNDLE_IDENTIFIER = junios.CoinTradeDisplay;
				PRODUCT_NAME = "$(TARGET_NAME)";
				SUPPORTED_PLATFORMS = "iphoneos iphonesimulator";
				SUPPORTS_MACCATALYST = NO;
				SUPPORTS_MAC_DESIGNED_FOR_IPHONE_IPAD = NO;
				SUPPORTS_XR_DESIGNED_FOR_IPHONE_IPAD = NO;
				SWIFT_EMIT_LOC_STRINGS = YES;
				SWIFT_VERSION = 5.0;
				TARGETED_DEVICE_FAMILY = "1,2";
			};
			name = Debug;
		};
		9D6F11912C780E01007D22F3 /* Release */ = {
			isa = XCBuildConfiguration;
			buildSettings = {
				ALWAYS_EMBED_SWIFT_STANDARD_LIBRARIES = YES;
				ASSETCATALOG_COMPILER_APPICON_NAME = AppIcon;
				ASSETCATALOG_COMPILER_GLOBAL_ACCENT_COLOR_NAME = AccentColor;
				CODE_SIGN_STYLE = Automatic;
				CURRENT_PROJECT_VERSION = 1;
				DEVELOPMENT_TEAM = XHRN62S9RK;
				GENERATE_INFOPLIST_FILE = YES;
				INFOPLIST_FILE = CoinTradeDisplay/Info.plist;
				INFOPLIST_KEY_UIApplicationSupportsIndirectInputEvents = YES;
				INFOPLIST_KEY_UILaunchStoryboardName = LaunchScreen;
				INFOPLIST_KEY_UIMainStoryboardFile = Main;
				INFOPLIST_KEY_UISupportedInterfaceOrientations_iPad = "UIInterfaceOrientationPortrait UIInterfaceOrientationPortraitUpsideDown UIInterfaceOrientationLandscapeLeft UIInterfaceOrientationLandscapeRight";
				INFOPLIST_KEY_UISupportedInterfaceOrientations_iPhone = "UIInterfaceOrientationPortrait UIInterfaceOrientationLandscapeLeft UIInterfaceOrientationLandscapeRight";
				LD_RUNPATH_SEARCH_PATHS = (
					"$(inherited)",
					"@executable_path/Frameworks",
				);
				MARKETING_VERSION = 1.0;
				PRODUCT_BUNDLE_IDENTIFIER = junios.CoinTradeDisplay;
				PRODUCT_NAME = "$(TARGET_NAME)";
				SUPPORTED_PLATFORMS = "iphoneos iphonesimulator";
				SUPPORTS_MACCATALYST = NO;
				SUPPORTS_MAC_DESIGNED_FOR_IPHONE_IPAD = NO;
				SUPPORTS_XR_DESIGNED_FOR_IPHONE_IPAD = NO;
				SWIFT_EMIT_LOC_STRINGS = YES;
				SWIFT_VERSION = 5.0;
				TARGETED_DEVICE_FAMILY = "1,2";
			};
			name = Release;
		};
		9D6F11AF2C780E7D007D22F3 /* Debug */ = {
			isa = XCBuildConfiguration;
			buildSettings = {
				BUILD_LIBRARY_FOR_DISTRIBUTION = NO;
				CLANG_ENABLE_MODULES = YES;
				CODE_SIGN_STYLE = Automatic;
				CURRENT_PROJECT_VERSION = 1;
				DEFINES_MODULE = YES;
				DEVELOPMENT_TEAM = XHRN62S9RK;
				DYLIB_COMPATIBILITY_VERSION = 1;
				DYLIB_CURRENT_VERSION = 1;
				DYLIB_INSTALL_NAME_BASE = "@rpath";
				ENABLE_MODULE_VERIFIER = YES;
				GENERATE_INFOPLIST_FILE = YES;
				INFOPLIST_KEY_NSHumanReadableCopyright = "";
				INSTALL_PATH = "$(LOCAL_LIBRARY_DIR)/Frameworks";
				LD_RUNPATH_SEARCH_PATHS = (
					"$(inherited)",
					"@executable_path/Frameworks",
					"@loader_path/Frameworks",
				);
				MARKETING_VERSION = 1.0;
				MODULE_VERIFIER_SUPPORTED_LANGUAGES = "objective-c objective-c++";
				MODULE_VERIFIER_SUPPORTED_LANGUAGE_STANDARDS = "gnu17 gnu++20";
				PRODUCT_BUNDLE_IDENTIFIER = junios.ActionExtensionTest.Domain;
				PRODUCT_NAME = "$(TARGET_NAME:c99extidentifier)";
				SKIP_INSTALL = YES;
				SUPPORTED_PLATFORMS = "iphoneos iphonesimulator";
				SUPPORTS_MACCATALYST = NO;
				SUPPORTS_MAC_DESIGNED_FOR_IPHONE_IPAD = NO;
				SUPPORTS_XR_DESIGNED_FOR_IPHONE_IPAD = NO;
				SWIFT_EMIT_LOC_STRINGS = YES;
				SWIFT_INSTALL_OBJC_HEADER = NO;
				SWIFT_OPTIMIZATION_LEVEL = "-Onone";
				SWIFT_VERSION = 5.0;
				TARGETED_DEVICE_FAMILY = "1,2";
				VERSIONING_SYSTEM = "apple-generic";
				VERSION_INFO_PREFIX = "";
			};
			name = Debug;
		};
		9D6F11B02C780E7D007D22F3 /* Release */ = {
			isa = XCBuildConfiguration;
			buildSettings = {
				BUILD_LIBRARY_FOR_DISTRIBUTION = NO;
				CLANG_ENABLE_MODULES = YES;
				CODE_SIGN_STYLE = Automatic;
				CURRENT_PROJECT_VERSION = 1;
				DEFINES_MODULE = YES;
				DEVELOPMENT_TEAM = XHRN62S9RK;
				DYLIB_COMPATIBILITY_VERSION = 1;
				DYLIB_CURRENT_VERSION = 1;
				DYLIB_INSTALL_NAME_BASE = "@rpath";
				ENABLE_MODULE_VERIFIER = YES;
				GENERATE_INFOPLIST_FILE = YES;
				INFOPLIST_KEY_NSHumanReadableCopyright = "";
				INSTALL_PATH = "$(LOCAL_LIBRARY_DIR)/Frameworks";
				LD_RUNPATH_SEARCH_PATHS = (
					"$(inherited)",
					"@executable_path/Frameworks",
					"@loader_path/Frameworks",
				);
				MARKETING_VERSION = 1.0;
				MODULE_VERIFIER_SUPPORTED_LANGUAGES = "objective-c objective-c++";
				MODULE_VERIFIER_SUPPORTED_LANGUAGE_STANDARDS = "gnu17 gnu++20";
				PRODUCT_BUNDLE_IDENTIFIER = junios.ActionExtensionTest.Domain;
				PRODUCT_NAME = "$(TARGET_NAME:c99extidentifier)";
				SKIP_INSTALL = YES;
				SUPPORTED_PLATFORMS = "iphoneos iphonesimulator";
				SUPPORTS_MACCATALYST = NO;
				SUPPORTS_MAC_DESIGNED_FOR_IPHONE_IPAD = NO;
				SUPPORTS_XR_DESIGNED_FOR_IPHONE_IPAD = NO;
				SWIFT_EMIT_LOC_STRINGS = YES;
				SWIFT_INSTALL_OBJC_HEADER = NO;
				SWIFT_VERSION = 5.0;
				TARGETED_DEVICE_FAMILY = "1,2";
				VERSIONING_SYSTEM = "apple-generic";
				VERSION_INFO_PREFIX = "";
			};
			name = Release;
		};
		9D6F11D22C780E96007D22F3 /* Debug */ = {
			isa = XCBuildConfiguration;
			buildSettings = {
				BUILD_LIBRARY_FOR_DISTRIBUTION = NO;
				CLANG_ENABLE_MODULES = YES;
				CODE_SIGN_STYLE = Automatic;
				CURRENT_PROJECT_VERSION = 1;
				DEFINES_MODULE = YES;
				DEVELOPMENT_TEAM = XHRN62S9RK;
				DYLIB_COMPATIBILITY_VERSION = 1;
				DYLIB_CURRENT_VERSION = 1;
				DYLIB_INSTALL_NAME_BASE = "@rpath";
				ENABLE_MODULE_VERIFIER = YES;
				GENERATE_INFOPLIST_FILE = YES;
				INFOPLIST_KEY_NSHumanReadableCopyright = "";
				INSTALL_PATH = "$(LOCAL_LIBRARY_DIR)/Frameworks";
				LD_RUNPATH_SEARCH_PATHS = (
					"$(inherited)",
					"@executable_path/Frameworks",
					"@loader_path/Frameworks",
				);
				MARKETING_VERSION = 1.0;
				MODULE_VERIFIER_SUPPORTED_LANGUAGES = "objective-c objective-c++";
				MODULE_VERIFIER_SUPPORTED_LANGUAGE_STANDARDS = "gnu17 gnu++20";
				PRODUCT_BUNDLE_IDENTIFIER = junios.ActionExtensionTest.Data;
				PRODUCT_NAME = "$(TARGET_NAME:c99extidentifier)";
				SKIP_INSTALL = YES;
				SUPPORTED_PLATFORMS = "iphoneos iphonesimulator";
				SUPPORTS_MACCATALYST = NO;
				SUPPORTS_MAC_DESIGNED_FOR_IPHONE_IPAD = NO;
				SUPPORTS_XR_DESIGNED_FOR_IPHONE_IPAD = NO;
				SWIFT_EMIT_LOC_STRINGS = YES;
				SWIFT_INSTALL_OBJC_HEADER = NO;
				SWIFT_OPTIMIZATION_LEVEL = "-Onone";
				SWIFT_VERSION = 5.0;
				TARGETED_DEVICE_FAMILY = "1,2";
				VERSIONING_SYSTEM = "apple-generic";
				VERSION_INFO_PREFIX = "";
			};
			name = Debug;
		};
		9D6F11D32C780E96007D22F3 /* Release */ = {
			isa = XCBuildConfiguration;
			buildSettings = {
				BUILD_LIBRARY_FOR_DISTRIBUTION = NO;
				CLANG_ENABLE_MODULES = YES;
				CODE_SIGN_STYLE = Automatic;
				CURRENT_PROJECT_VERSION = 1;
				DEFINES_MODULE = YES;
				DEVELOPMENT_TEAM = XHRN62S9RK;
				DYLIB_COMPATIBILITY_VERSION = 1;
				DYLIB_CURRENT_VERSION = 1;
				DYLIB_INSTALL_NAME_BASE = "@rpath";
				ENABLE_MODULE_VERIFIER = YES;
				GENERATE_INFOPLIST_FILE = YES;
				INFOPLIST_KEY_NSHumanReadableCopyright = "";
				INSTALL_PATH = "$(LOCAL_LIBRARY_DIR)/Frameworks";
				LD_RUNPATH_SEARCH_PATHS = (
					"$(inherited)",
					"@executable_path/Frameworks",
					"@loader_path/Frameworks",
				);
				MARKETING_VERSION = 1.0;
				MODULE_VERIFIER_SUPPORTED_LANGUAGES = "objective-c objective-c++";
				MODULE_VERIFIER_SUPPORTED_LANGUAGE_STANDARDS = "gnu17 gnu++20";
				PRODUCT_BUNDLE_IDENTIFIER = junios.ActionExtensionTest.Data;
				PRODUCT_NAME = "$(TARGET_NAME:c99extidentifier)";
				SKIP_INSTALL = YES;
				SUPPORTED_PLATFORMS = "iphoneos iphonesimulator";
				SUPPORTS_MACCATALYST = NO;
				SUPPORTS_MAC_DESIGNED_FOR_IPHONE_IPAD = NO;
				SUPPORTS_XR_DESIGNED_FOR_IPHONE_IPAD = NO;
				SWIFT_EMIT_LOC_STRINGS = YES;
				SWIFT_INSTALL_OBJC_HEADER = NO;
				SWIFT_VERSION = 5.0;
				TARGETED_DEVICE_FAMILY = "1,2";
				VERSIONING_SYSTEM = "apple-generic";
				VERSION_INFO_PREFIX = "";
			};
			name = Release;
		};
		9D6F11E52C780EB0007D22F3 /* Debug */ = {
			isa = XCBuildConfiguration;
			buildSettings = {
				BUILD_LIBRARY_FOR_DISTRIBUTION = NO;
				CODE_SIGN_STYLE = Automatic;
				CURRENT_PROJECT_VERSION = 1;
				DEFINES_MODULE = YES;
				DEVELOPMENT_TEAM = XHRN62S9RK;
				DYLIB_COMPATIBILITY_VERSION = 1;
				DYLIB_CURRENT_VERSION = 1;
				DYLIB_INSTALL_NAME_BASE = "@rpath";
				ENABLE_MODULE_VERIFIER = YES;
				GENERATE_INFOPLIST_FILE = YES;
				INFOPLIST_KEY_NSHumanReadableCopyright = "";
				INSTALL_PATH = "$(LOCAL_LIBRARY_DIR)/Frameworks";
				LD_RUNPATH_SEARCH_PATHS = (
					"$(inherited)",
					"@executable_path/Frameworks",
					"@loader_path/Frameworks",
				);
				MARKETING_VERSION = 1.0;
				MODULE_VERIFIER_SUPPORTED_LANGUAGES = "objective-c objective-c++";
				MODULE_VERIFIER_SUPPORTED_LANGUAGE_STANDARDS = "gnu17 gnu++20";
				PRODUCT_BUNDLE_IDENTIFIER = junios.ActionExtensionTest.Presentation;
				PRODUCT_NAME = "$(TARGET_NAME:c99extidentifier)";
				SKIP_INSTALL = YES;
				SUPPORTED_PLATFORMS = "iphoneos iphonesimulator";
				SUPPORTS_MACCATALYST = NO;
				SUPPORTS_MAC_DESIGNED_FOR_IPHONE_IPAD = NO;
				SUPPORTS_XR_DESIGNED_FOR_IPHONE_IPAD = NO;
				SWIFT_EMIT_LOC_STRINGS = YES;
				SWIFT_INSTALL_OBJC_HEADER = NO;
				SWIFT_VERSION = 5.0;
				TARGETED_DEVICE_FAMILY = "1,2";
				VERSIONING_SYSTEM = "apple-generic";
				VERSION_INFO_PREFIX = "";
			};
			name = Debug;
		};
		9D6F11E62C780EB0007D22F3 /* Release */ = {
			isa = XCBuildConfiguration;
			buildSettings = {
				BUILD_LIBRARY_FOR_DISTRIBUTION = NO;
				CODE_SIGN_STYLE = Automatic;
				CURRENT_PROJECT_VERSION = 1;
				DEFINES_MODULE = YES;
				DEVELOPMENT_TEAM = XHRN62S9RK;
				DYLIB_COMPATIBILITY_VERSION = 1;
				DYLIB_CURRENT_VERSION = 1;
				DYLIB_INSTALL_NAME_BASE = "@rpath";
				ENABLE_MODULE_VERIFIER = YES;
				GENERATE_INFOPLIST_FILE = YES;
				INFOPLIST_KEY_NSHumanReadableCopyright = "";
				INSTALL_PATH = "$(LOCAL_LIBRARY_DIR)/Frameworks";
				LD_RUNPATH_SEARCH_PATHS = (
					"$(inherited)",
					"@executable_path/Frameworks",
					"@loader_path/Frameworks",
				);
				MARKETING_VERSION = 1.0;
				MODULE_VERIFIER_SUPPORTED_LANGUAGES = "objective-c objective-c++";
				MODULE_VERIFIER_SUPPORTED_LANGUAGE_STANDARDS = "gnu17 gnu++20";
				PRODUCT_BUNDLE_IDENTIFIER = junios.ActionExtensionTest.Presentation;
				PRODUCT_NAME = "$(TARGET_NAME:c99extidentifier)";
				SKIP_INSTALL = YES;
				SUPPORTED_PLATFORMS = "iphoneos iphonesimulator";
				SUPPORTS_MACCATALYST = NO;
				SUPPORTS_MAC_DESIGNED_FOR_IPHONE_IPAD = NO;
				SUPPORTS_XR_DESIGNED_FOR_IPHONE_IPAD = NO;
				SWIFT_EMIT_LOC_STRINGS = YES;
				SWIFT_INSTALL_OBJC_HEADER = NO;
				SWIFT_VERSION = 5.0;
				TARGETED_DEVICE_FAMILY = "1,2";
				VERSIONING_SYSTEM = "apple-generic";
				VERSION_INFO_PREFIX = "";
			};
			name = Release;
		};
/* End XCBuildConfiguration section */

/* Begin XCConfigurationList section */
		9D372C872C7B502A008AA829 /* Build configuration list for PBXNativeTarget "CoinTradeDisplayTests" */ = {
			isa = XCConfigurationList;
			buildConfigurations = (
				9D372C882C7B502A008AA829 /* Debug */,
				9D372C892C7B502A008AA829 /* Release */,
			);
			defaultConfigurationIsVisible = 0;
			defaultConfigurationName = Release;
		};
		9D6F11762C780E00007D22F3 /* Build configuration list for PBXProject "CoinTradeDisplay" */ = {
			isa = XCConfigurationList;
			buildConfigurations = (
				9D6F118D2C780E01007D22F3 /* Debug */,
				9D6F118E2C780E01007D22F3 /* Release */,
			);
			defaultConfigurationIsVisible = 0;
			defaultConfigurationName = Release;
		};
		9D6F118F2C780E01007D22F3 /* Build configuration list for PBXNativeTarget "CoinTradeDisplay" */ = {
			isa = XCConfigurationList;
			buildConfigurations = (
				9D6F11902C780E01007D22F3 /* Debug */,
				9D6F11912C780E01007D22F3 /* Release */,
			);
			defaultConfigurationIsVisible = 0;
			defaultConfigurationName = Release;
		};
		9D6F11AE2C780E7D007D22F3 /* Build configuration list for PBXNativeTarget "Domain" */ = {
			isa = XCConfigurationList;
			buildConfigurations = (
				9D6F11AF2C780E7D007D22F3 /* Debug */,
				9D6F11B02C780E7D007D22F3 /* Release */,
			);
			defaultConfigurationIsVisible = 0;
			defaultConfigurationName = Release;
		};
		9D6F11D12C780E96007D22F3 /* Build configuration list for PBXNativeTarget "Data" */ = {
			isa = XCConfigurationList;
			buildConfigurations = (
				9D6F11D22C780E96007D22F3 /* Debug */,
				9D6F11D32C780E96007D22F3 /* Release */,
			);
			defaultConfigurationIsVisible = 0;
			defaultConfigurationName = Release;
		};
		9D6F11E42C780EB0007D22F3 /* Build configuration list for PBXNativeTarget "Presentation" */ = {
			isa = XCConfigurationList;
			buildConfigurations = (
				9D6F11E52C780EB0007D22F3 /* Debug */,
				9D6F11E62C780EB0007D22F3 /* Release */,
			);
			defaultConfigurationIsVisible = 0;
			defaultConfigurationName = Release;
		};
/* End XCConfigurationList section */

/* Begin XCRemoteSwiftPackageReference section */
		9D6F11E72C780EE8007D22F3 /* XCRemoteSwiftPackageReference "RxSwift" */ = {
			isa = XCRemoteSwiftPackageReference;
			repositoryURL = "https://github.com/ReactiveX/RxSwift.git";
			requirement = {
				kind = upToNextMajorVersion;
				minimumVersion = 6.7.1;
			};
		};
		9D6F11E82C780F1A007D22F3 /* XCRemoteSwiftPackageReference "Swinject" */ = {
			isa = XCRemoteSwiftPackageReference;
			repositoryURL = "https://github.com/Swinject/Swinject.git";
			requirement = {
				kind = upToNextMajorVersion;
				minimumVersion = 2.9.1;
			};
		};
/* End XCRemoteSwiftPackageReference section */

/* Begin XCSwiftPackageProductDependency section */
		9D6F12142C7810B4007D22F3 /* Swinject */ = {
			isa = XCSwiftPackageProductDependency;
			package = 9D6F11E82C780F1A007D22F3 /* XCRemoteSwiftPackageReference "Swinject" */;
			productName = Swinject;
		};
		9D6F12282C781623007D22F3 /* RxCocoa-Dynamic */ = {
			isa = XCSwiftPackageProductDependency;
			package = 9D6F11E72C780EE8007D22F3 /* XCRemoteSwiftPackageReference "RxSwift" */;
			productName = "RxCocoa-Dynamic";
		};
		9D6F122B2C78162A007D22F3 /* RxCocoa-Dynamic */ = {
			isa = XCSwiftPackageProductDependency;
			package = 9D6F11E72C780EE8007D22F3 /* XCRemoteSwiftPackageReference "RxSwift" */;
			productName = "RxCocoa-Dynamic";
		};
/* End XCSwiftPackageProductDependency section */
	};
	rootObject = 9D6F11732C780E00007D22F3 /* Project object */;
}
